
Microsoft Visual Studio Solution File, Format Version 12.00
# Visual Studio Version 17
VisualStudioVersion = 17.4.33110.190
MinimumVisualStudioVersion = 10.0.40219.1
Project("{FAE04EC0-301F-11D3-BF4B-00C04F79EFBC}") = "admin_web_sell_phone", "admin_web_sell_phone\admin_web_sell_phone.csproj", "{65C4AEC5-B4DB-4351-BDB7-97C614EF8289}"
EndProject
Project("{FAE04EC0-301F-11D3-BF4B-00C04F79EFBC}") = "admin_web_sell_phone.DataAccess", "admin_web_sell_phone.DataAccess\admin_web_sell_phone.DataAccess.csproj", "{06C3393D-109A-4010-9190-6E41FB3BB95D}"
EndProject
Project("{FAE04EC0-301F-11D3-BF4B-00C04F79EFBC}") = "admin_web_sell_phone.Entity", "admin_web_sell_phone.Entity\admin_web_sell_phone.Entity.csproj", "{A972CD86-0507-4EAD-BFF5-87642564E145}"
EndProject
Project("{FAE04EC0-301F-11D3-BF4B-00C04F79EFBC}") = "admin_web_sell_phone.Service", "admin_web_sell_phone.Service\admin_web_sell_phone.Service.csproj", "{680D4766-2D69-41EC-966B-4BD13303B652}"
EndProject
Global
	GlobalSection(SolutionConfigurationPlatforms) = preSolution
		Debug|Any CPU = Debug|Any CPU
		Release|Any CPU = Release|Any CPU
	EndGlobalSection
	GlobalSection(ProjectConfigurationPlatforms) = postSolution
		{65C4AEC5-B4DB-4351-BDB7-97C614EF8289}.Debug|Any CPU.ActiveCfg = Debug|Any CPU
		{65C4AEC5-B4DB-4351-BDB7-97C614EF8289}.Debug|Any CPU.Build.0 = Debug|Any CPU
		{65C4AEC5-B4DB-4351-BDB7-97C614EF8289}.Release|Any CPU.ActiveCfg = Release|Any CPU
		{65C4AEC5-B4DB-4351-BDB7-97C614EF8289}.Release|Any CPU.Build.0 = Release|Any CPU
		{06C3393D-109A-4010-9190-6E41FB3BB95D}.Debug|Any CPU.ActiveCfg = Debug|Any CPU
		{06C3393D-109A-4010-9190-6E41FB3BB95D}.Debug|Any CPU.Build.0 = Debug|Any CPU
		{06C3393D-109A-4010-9190-6E41FB3BB95D}.Release|Any CPU.ActiveCfg = Release|Any CPU
		{06C3393D-109A-4010-9190-6E41FB3BB95D}.Release|Any CPU.Build.0 = Release|Any CPU
		{A972CD86-0507-4EAD-BFF5-87642564E145}.Debug|Any CPU.ActiveCfg = Debug|Any CPU
		{A972CD86-0507-4EAD-BFF5-87642564E145}.Debug|Any CPU.Build.0 = Debug|Any CPU
		{A972CD86-0507-4EAD-BFF5-87642564E145}.Release|Any CPU.ActiveCfg = Release|Any CPU
		{A972CD86-0507-4EAD-BFF5-87642564E145}.Release|Any CPU.Build.0 = Release|Any CPU
		{680D4766-2D69-41EC-966B-4BD13303B652}.Debug|Any CPU.ActiveCfg = Debug|Any CPU
		{680D4766-2D69-41EC-966B-4BD13303B652}.Debug|Any CPU.Build.0 = Debug|Any CPU
		{680D4766-2D69-41EC-966B-4BD13303B652}.Release|Any CPU.ActiveCfg = Release|Any CPU
		{680D4766-2D69-41EC-966B-4BD13303B652}.Release|Any CPU.Build.0 = Release|Any CPU
	EndGlobalSection
	GlobalSection(SolutionProperties) = preSolution
		HideSolutionNode = FALSE
	EndGlobalSection
	GlobalSection(ExtensibilityGlobals) = postSolution
		SolutionGuid = {AFBE1174-D0B8-4CFE-AA42-34FE48FBB542}
	EndGlobalSection
EndGlobal
